
Microsoft Visual Studio Solution File, Format Version 12.00
# Visual Studio Version 17
VisualStudioVersion = 17.4.33213.308
MinimumVisualStudioVersion = 10.0.40219.1
Project("{FAE04EC0-301F-11D3-BF4B-00C04F79EFBC}") = "lr2", "lr2\lr2.csproj", "{15269DA2-06D6-4E55-8E61-F696F8CDA403}"
EndProject
Global
	GlobalSection(SolutionConfigurationPlatforms) = preSolution
		Debug|Any CPU = Debug|Any CPU
		Release|Any CPU = Release|Any CPU
	EndGlobalSection
	GlobalSection(ProjectConfigurationPlatforms) = postSolution
		{15269DA2-06D6-4E55-8E61-F696F8CDA403}.Debug|Any CPU.ActiveCfg = Debug|Any CPU
		{15269DA2-06D6-4E55-8E61-F696F8CDA403}.Debug|Any CPU.Build.0 = Debug|Any CPU
		{15269DA2-06D6-4E55-8E61-F696F8CDA403}.Release|Any CPU.ActiveCfg = Release|Any CPU
		{15269DA2-06D6-4E55-8E61-F696F8CDA403}.Release|Any CPU.Build.0 = Release|Any CPU
	EndGlobalSection
	GlobalSection(SolutionProperties) = preSolution
		HideSolutionNode = FALSE
	EndGlobalSection
	GlobalSection(ExtensibilityGlobals) = postSolution
		SolutionGuid = {189EAAEF-6A7C-46E6-92D7-FF89A4C7EE09}
	EndGlobalSection
EndGlobal
