
Microsoft Visual Studio Solution File, Format Version 12.00
# Visual Studio Version 17
VisualStudioVersion = 17.4.33213.308
MinimumVisualStudioVersion = 10.0.40219.1
Project("{FAE04EC0-301F-11D3-BF4B-00C04F79EFBC}") = "lr6", "lr6\lr6.csproj", "{16D9606C-1B4E-4EB2-92A5-6169A8AE3EAA}"
EndProject
Global
	GlobalSection(SolutionConfigurationPlatforms) = preSolution
		Debug|Any CPU = Debug|Any CPU
		Release|Any CPU = Release|Any CPU
	EndGlobalSection
	GlobalSection(ProjectConfigurationPlatforms) = postSolution
		{16D9606C-1B4E-4EB2-92A5-6169A8AE3EAA}.Debug|Any CPU.ActiveCfg = Debug|Any CPU
		{16D9606C-1B4E-4EB2-92A5-6169A8AE3EAA}.Debug|Any CPU.Build.0 = Debug|Any CPU
		{16D9606C-1B4E-4EB2-92A5-6169A8AE3EAA}.Release|Any CPU.ActiveCfg = Release|Any CPU
		{16D9606C-1B4E-4EB2-92A5-6169A8AE3EAA}.Release|Any CPU.Build.0 = Release|Any CPU
	EndGlobalSection
	GlobalSection(SolutionProperties) = preSolution
		HideSolutionNode = FALSE
	EndGlobalSection
	GlobalSection(ExtensibilityGlobals) = postSolution
		SolutionGuid = {636E9341-E7F4-4AAD-81AE-CCEBC68D0214}
	EndGlobalSection
EndGlobal
